
Microsoft Visual Studio Solution File, Format Version 12.00
Project("{FAE04EC0-301F-11D3-BF4B-00C04F79EFBC}") = "CSharp-Explorer", "CSharp-Explorer\CSharp-Explorer.csproj", "{9134CE14-7F61-4C65-BD9C-C4032FF8BD14}"
EndProject
Global
	GlobalSection(SolutionConfigurationPlatforms) = preSolution
		Debug|Any CPU = Debug|Any CPU
		Release|Any CPU = Release|Any CPU
	EndGlobalSection
	GlobalSection(ProjectConfigurationPlatforms) = postSolution
		{9134CE14-7F61-4C65-BD9C-C4032FF8BD14}.Debug|Any CPU.ActiveCfg = Debug|Any CPU
		{9134CE14-7F61-4C65-BD9C-C4032FF8BD14}.Debug|Any CPU.Build.0 = Debug|Any CPU
		{9134CE14-7F61-4C65-BD9C-C4032FF8BD14}.Release|Any CPU.ActiveCfg = Release|Any CPU
		{9134CE14-7F61-4C65-BD9C-C4032FF8BD14}.Release|Any CPU.Build.0 = Release|Any CPU
	EndGlobalSection
EndGlobal
